
Microsoft Visual Studio Solution File, Format Version 12.00
# Visual Studio Version 16
VisualStudioVersion = 16.0.30011.22
MinimumVisualStudioVersion = 10.0.40219.1
Project("{FAE04EC0-301F-11D3-BF4B-00C04F79EFBC}") = "Mylib.Core", "src\Mylib.Core\Mylib.Core.csproj", "{CFC20A10-F372-4A30-9FE6-E10D268A38AF}"
EndProject
Project("{FAE04EC0-301F-11D3-BF4B-00C04F79EFBC}") = "Mylib.Core.Test", "test\Mylib.Core.Test\Mylib.Core.Test.csproj", "{F3E558B3-2F58-4D4C-A42B-4BAC3CD50E73}"
EndProject
Global
	GlobalSection(SolutionConfigurationPlatforms) = preSolution
		Debug|Any CPU = Debug|Any CPU
		Release|Any CPU = Release|Any CPU
	EndGlobalSection
	GlobalSection(ProjectConfigurationPlatforms) = postSolution
		{CFC20A10-F372-4A30-9FE6-E10D268A38AF}.Debug|Any CPU.ActiveCfg = Debug|Any CPU
		{CFC20A10-F372-4A30-9FE6-E10D268A38AF}.Debug|Any CPU.Build.0 = Debug|Any CPU
		{CFC20A10-F372-4A30-9FE6-E10D268A38AF}.Release|Any CPU.ActiveCfg = Release|Any CPU
		{CFC20A10-F372-4A30-9FE6-E10D268A38AF}.Release|Any CPU.Build.0 = Release|Any CPU
		{F3E558B3-2F58-4D4C-A42B-4BAC3CD50E73}.Debug|Any CPU.ActiveCfg = Debug|Any CPU
		{F3E558B3-2F58-4D4C-A42B-4BAC3CD50E73}.Debug|Any CPU.Build.0 = Debug|Any CPU
		{F3E558B3-2F58-4D4C-A42B-4BAC3CD50E73}.Release|Any CPU.ActiveCfg = Release|Any CPU
		{F3E558B3-2F58-4D4C-A42B-4BAC3CD50E73}.Release|Any CPU.Build.0 = Release|Any CPU
	EndGlobalSection
	GlobalSection(SolutionProperties) = preSolution
		HideSolutionNode = FALSE
	EndGlobalSection
	GlobalSection(ExtensibilityGlobals) = postSolution
		SolutionGuid = {1E0E6592-2C75-4713-B58E-4208AED286C0}
	EndGlobalSection
EndGlobal
